
Microsoft Visual Studio Solution File, Format Version 12.00
# Visual Studio 15
VisualStudioVersion = 15.0.28306.52
MinimumVisualStudioVersion = 10.0.40219.1
Project("{FAE04EC0-301F-11D3-BF4B-00C04F79EFBC}") = "SocketDome", "SocketDome\SocketDome.csproj", "{69AA96C0-D9F3-430C-A4E3-8623A4655227}"
EndProject
Global
	GlobalSection(SolutionConfigurationPlatforms) = preSolution
		Debug|Any CPU = Debug|Any CPU
		Release|Any CPU = Release|Any CPU
	EndGlobalSection
	GlobalSection(ProjectConfigurationPlatforms) = postSolution
		{69AA96C0-D9F3-430C-A4E3-8623A4655227}.Debug|Any CPU.ActiveCfg = Debug|Any CPU
		{69AA96C0-D9F3-430C-A4E3-8623A4655227}.Debug|Any CPU.Build.0 = Debug|Any CPU
		{69AA96C0-D9F3-430C-A4E3-8623A4655227}.Release|Any CPU.ActiveCfg = Release|Any CPU
		{69AA96C0-D9F3-430C-A4E3-8623A4655227}.Release|Any CPU.Build.0 = Release|Any CPU
	EndGlobalSection
	GlobalSection(SolutionProperties) = preSolution
		HideSolutionNode = FALSE
	EndGlobalSection
	GlobalSection(ExtensibilityGlobals) = postSolution
		SolutionGuid = {2B72D46E-4D7A-42C8-A3CC-FB0BEB864B42}
	EndGlobalSection
EndGlobal
